
Microsoft Visual Studio Solution File, Format Version 12.00
# Visual Studio 2013
VisualStudioVersion = 12.0.21005.1
MinimumVisualStudioVersion = 10.0.40219.1
Project("{FAE04EC0-301F-11D3-BF4B-00C04F79EFBC}") = "SolarCRM", "SolarCRM\SolarCRM.csproj", "{5BD1A6B5-095B-437F-8D6D-2434F6EF0F47}"
EndProject
Project("{FAE04EC0-301F-11D3-BF4B-00C04F79EFBC}") = "SolarCRM.BAL", "SolarCRM.BAL\SolarCRM.BAL.csproj", "{216C5EBA-8F01-4A83-8A00-1A761585B97D}"
EndProject
Project("{FAE04EC0-301F-11D3-BF4B-00C04F79EFBC}") = "SolarCRM.DAL", "SolarCRM.DAL\SolarCRM.DAL.csproj", "{13A7A89B-2318-43AC-A13D-EE358D5E4CA5}"
EndProject
Project("{FAE04EC0-301F-11D3-BF4B-00C04F79EFBC}") = "SolarCRM.Entity", "SolarCRM.Entity\SolarCRM.Entity.csproj", "{1965C935-0B15-4F71-8FFF-16A0BEADE041}"
EndProject
Project("{2150E333-8FDC-42A3-9474-1A3956D46DE8}") = "1. Presentation Layer", "1. Presentation Layer", "{8331C6A3-8701-4A7F-B5D5-5F4B2992BF6F}"
EndProject
Project("{2150E333-8FDC-42A3-9474-1A3956D46DE8}") = "2. Service Layer", "2. Service Layer", "{E50E9E8A-B8F2-424A-900C-8478B4E27A5F}"
EndProject
Project("{2150E333-8FDC-42A3-9474-1A3956D46DE8}") = "3. Domain Layer", "3. Domain Layer", "{A5BC7667-C883-4C23-A6B0-E05EFAF828BC}"
EndProject
Global
	GlobalSection(SolutionConfigurationPlatforms) = preSolution
		Debug|Any CPU = Debug|Any CPU
		Release|Any CPU = Release|Any CPU
	EndGlobalSection
	GlobalSection(ProjectConfigurationPlatforms) = postSolution
		{5BD1A6B5-095B-437F-8D6D-2434F6EF0F47}.Debug|Any CPU.ActiveCfg = Debug|Any CPU
		{5BD1A6B5-095B-437F-8D6D-2434F6EF0F47}.Debug|Any CPU.Build.0 = Debug|Any CPU
		{5BD1A6B5-095B-437F-8D6D-2434F6EF0F47}.Release|Any CPU.ActiveCfg = Release|Any CPU
		{5BD1A6B5-095B-437F-8D6D-2434F6EF0F47}.Release|Any CPU.Build.0 = Release|Any CPU
		{216C5EBA-8F01-4A83-8A00-1A761585B97D}.Debug|Any CPU.ActiveCfg = Debug|Any CPU
		{216C5EBA-8F01-4A83-8A00-1A761585B97D}.Debug|Any CPU.Build.0 = Debug|Any CPU
		{216C5EBA-8F01-4A83-8A00-1A761585B97D}.Release|Any CPU.ActiveCfg = Release|Any CPU
		{216C5EBA-8F01-4A83-8A00-1A761585B97D}.Release|Any CPU.Build.0 = Release|Any CPU
		{13A7A89B-2318-43AC-A13D-EE358D5E4CA5}.Debug|Any CPU.ActiveCfg = Debug|Any CPU
		{13A7A89B-2318-43AC-A13D-EE358D5E4CA5}.Debug|Any CPU.Build.0 = Debug|Any CPU
		{13A7A89B-2318-43AC-A13D-EE358D5E4CA5}.Release|Any CPU.ActiveCfg = Release|Any CPU
		{13A7A89B-2318-43AC-A13D-EE358D5E4CA5}.Release|Any CPU.Build.0 = Release|Any CPU
		{1965C935-0B15-4F71-8FFF-16A0BEADE041}.Debug|Any CPU.ActiveCfg = Debug|Any CPU
		{1965C935-0B15-4F71-8FFF-16A0BEADE041}.Debug|Any CPU.Build.0 = Debug|Any CPU
		{1965C935-0B15-4F71-8FFF-16A0BEADE041}.Release|Any CPU.ActiveCfg = Release|Any CPU
		{1965C935-0B15-4F71-8FFF-16A0BEADE041}.Release|Any CPU.Build.0 = Release|Any CPU
	EndGlobalSection
	GlobalSection(SolutionProperties) = preSolution
		HideSolutionNode = FALSE
	EndGlobalSection
	GlobalSection(NestedProjects) = preSolution
		{5BD1A6B5-095B-437F-8D6D-2434F6EF0F47} = {8331C6A3-8701-4A7F-B5D5-5F4B2992BF6F}
		{216C5EBA-8F01-4A83-8A00-1A761585B97D} = {E50E9E8A-B8F2-424A-900C-8478B4E27A5F}
		{13A7A89B-2318-43AC-A13D-EE358D5E4CA5} = {A5BC7667-C883-4C23-A6B0-E05EFAF828BC}
	EndGlobalSection
EndGlobal
